
Microsoft Visual Studio Solution File, Format Version 12.00
# Visual Studio Version 17
VisualStudioVersion = 17.9.34902.65
MinimumVisualStudioVersion = 10.0.40219.1
Project("{FAE04EC0-301F-11D3-BF4B-00C04F79EFBC}") = "PDOIV.net", "PDOIV.net\PDOIV.net.csproj", "{CBECDCA2-59A8-49BC-94C6-2DBAFB21FDD0}"
EndProject
Global
	GlobalSection(SolutionConfigurationPlatforms) = preSolution
		Debug|Any CPU = Debug|Any CPU
		Release|Any CPU = Release|Any CPU
	EndGlobalSection
	GlobalSection(ProjectConfigurationPlatforms) = postSolution
		{CBECDCA2-59A8-49BC-94C6-2DBAFB21FDD0}.Debug|Any CPU.ActiveCfg = Debug|Any CPU
		{CBECDCA2-59A8-49BC-94C6-2DBAFB21FDD0}.Debug|Any CPU.Build.0 = Debug|Any CPU
		{CBECDCA2-59A8-49BC-94C6-2DBAFB21FDD0}.Release|Any CPU.ActiveCfg = Release|Any CPU
		{CBECDCA2-59A8-49BC-94C6-2DBAFB21FDD0}.Release|Any CPU.Build.0 = Release|Any CPU
	EndGlobalSection
	GlobalSection(SolutionProperties) = preSolution
		HideSolutionNode = FALSE
	EndGlobalSection
	GlobalSection(ExtensibilityGlobals) = postSolution
		SolutionGuid = {30F652EA-D6DF-4A69-8136-3E82E5A99805}
	EndGlobalSection
EndGlobal
